
Microsoft Visual Studio Solution File, Format Version 12.00
Project("{FAE04EC0-301F-11D3-BF4B-00C04F79EFBC}") = "WowSrp", "WowSrp\WowSrp.csproj", "{9B6B0969-4427-448A-B3AD-E192156F3A5E}"
EndProject
Project("{FAE04EC0-301F-11D3-BF4B-00C04F79EFBC}") = "WowSrp.Test", "WowSrp.Test\WowSrp.Test.csproj", "{1F99ECEB-BDDF-48C6-AA62-2055662FAC4E}"
EndProject
Global
	GlobalSection(SolutionConfigurationPlatforms) = preSolution
		Debug|Any CPU = Debug|Any CPU
		Release|Any CPU = Release|Any CPU
	EndGlobalSection
	GlobalSection(ProjectConfigurationPlatforms) = postSolution
		{9B6B0969-4427-448A-B3AD-E192156F3A5E}.Debug|Any CPU.ActiveCfg = Debug|Any CPU
		{9B6B0969-4427-448A-B3AD-E192156F3A5E}.Debug|Any CPU.Build.0 = Debug|Any CPU
		{9B6B0969-4427-448A-B3AD-E192156F3A5E}.Release|Any CPU.ActiveCfg = Release|Any CPU
		{9B6B0969-4427-448A-B3AD-E192156F3A5E}.Release|Any CPU.Build.0 = Release|Any CPU
		{1F99ECEB-BDDF-48C6-AA62-2055662FAC4E}.Debug|Any CPU.ActiveCfg = Debug|Any CPU
		{1F99ECEB-BDDF-48C6-AA62-2055662FAC4E}.Debug|Any CPU.Build.0 = Debug|Any CPU
		{1F99ECEB-BDDF-48C6-AA62-2055662FAC4E}.Release|Any CPU.ActiveCfg = Release|Any CPU
		{1F99ECEB-BDDF-48C6-AA62-2055662FAC4E}.Release|Any CPU.Build.0 = Release|Any CPU
	EndGlobalSection
EndGlobal
