
Microsoft Visual Studio Solution File, Format Version 12.00
Project("{2150E333-8FDC-42A3-9474-1A3956D46DE8}") = "v4", "v4", "{E5A60F28-7436-4FB8-AF40-81583EB6A573}"
	ProjectSection(SolutionItems) = preProject
		.gitattributes = .gitattributes
		.gitignore = .gitignore
		Cargo.lock = Cargo.lock
		Cargo.toml = Cargo.toml
		CONTRIBUTING.md = CONTRIBUTING.md
		LICENSE = LICENSE
		Makefile = Makefile
		README.md = README.md
		staticdata.sh = staticdata.sh
	EndProjectSection
EndProject
Project("{2150E333-8FDC-42A3-9474-1A3956D46DE8}") = "src", "src", "{7F9528CA-309C-43A0-994F-2926205FEA05}"
	ProjectSection(SolutionItems) = preProject
		src\log.rs = src\log.rs
		src\main.rs = src\main.rs
		src\shared.rs = src\shared.rs
		src\staticdata.rs = src\staticdata.rs
		src\config_reader.rs = src\config_reader.rs
		src\findfiles.rs = src\findfiles.rs
	EndProjectSection
EndProject
Global
	GlobalSection(SolutionConfigurationPlatforms) = preSolution
		Debug|Any CPU = Debug|Any CPU
		Release|Any CPU = Release|Any CPU
	EndGlobalSection
	GlobalSection(NestedProjects) = preSolution
		{7F9528CA-309C-43A0-994F-2926205FEA05} = {E5A60F28-7436-4FB8-AF40-81583EB6A573}
		{08431B7E-D407-4A84-A797-3EB07CE7534E} = {7F9528CA-309C-43A0-994F-2926205FEA05}
		{868D5970-1D7E-4DEE-8668-E0F40B7E10DC} = {7F9528CA-309C-43A0-994F-2926205FEA05}
	EndGlobalSection
EndGlobal
